
Microsoft Visual Studio Solution File, Format Version 12.00
# Visual Studio Version 16
VisualStudioVersion = 16.0.31624.102
MinimumVisualStudioVersion = 10.0.40219.1
Project("{FAE04EC0-301F-11D3-BF4B-00C04F79EFBC}") = "DirectorieaAndFiles", "DirectorieaAndFiles\DirectorieaAndFiles.csproj", "{67155B21-BC4C-4DE4-8D23-950C432AF46C}"
EndProject
Project("{FAE04EC0-301F-11D3-BF4B-00C04F79EFBC}") = "WishList", "WishList\WishList.csproj", "{40DE1D1D-28DE-4C70-8BFA-80DF1C5991D8}"
EndProject
Project("{FAE04EC0-301F-11D3-BF4B-00C04F79EFBC}") = "MyWishListFile", "MyWishListFile\MyWishListFile.csproj", "{D283F9BA-811D-4409-99DD-9C9ECB8DECA0}"
EndProject
Project("{FAE04EC0-301F-11D3-BF4B-00C04F79EFBC}") = "ShoppingList", "ShoppingList\ShoppingList.csproj", "{3BCBE612-F503-440C-96D2-B17DFEB29684}"
EndProject
Project("{FAE04EC0-301F-11D3-BF4B-00C04F79EFBC}") = "MyShoppingListFile", "MyShoppingListFile\MyShoppingListFile.csproj", "{2079F4C7-7491-4329-AC62-811ACBAADFA0}"
EndProject
Global
	GlobalSection(SolutionConfigurationPlatforms) = preSolution
		Debug|Any CPU = Debug|Any CPU
		Release|Any CPU = Release|Any CPU
	EndGlobalSection
	GlobalSection(ProjectConfigurationPlatforms) = postSolution
		{67155B21-BC4C-4DE4-8D23-950C432AF46C}.Debug|Any CPU.ActiveCfg = Debug|Any CPU
		{67155B21-BC4C-4DE4-8D23-950C432AF46C}.Debug|Any CPU.Build.0 = Debug|Any CPU
		{67155B21-BC4C-4DE4-8D23-950C432AF46C}.Release|Any CPU.ActiveCfg = Release|Any CPU
		{67155B21-BC4C-4DE4-8D23-950C432AF46C}.Release|Any CPU.Build.0 = Release|Any CPU
		{40DE1D1D-28DE-4C70-8BFA-80DF1C5991D8}.Debug|Any CPU.ActiveCfg = Debug|Any CPU
		{40DE1D1D-28DE-4C70-8BFA-80DF1C5991D8}.Debug|Any CPU.Build.0 = Debug|Any CPU
		{40DE1D1D-28DE-4C70-8BFA-80DF1C5991D8}.Release|Any CPU.ActiveCfg = Release|Any CPU
		{40DE1D1D-28DE-4C70-8BFA-80DF1C5991D8}.Release|Any CPU.Build.0 = Release|Any CPU
		{D283F9BA-811D-4409-99DD-9C9ECB8DECA0}.Debug|Any CPU.ActiveCfg = Debug|Any CPU
		{D283F9BA-811D-4409-99DD-9C9ECB8DECA0}.Debug|Any CPU.Build.0 = Debug|Any CPU
		{D283F9BA-811D-4409-99DD-9C9ECB8DECA0}.Release|Any CPU.ActiveCfg = Release|Any CPU
		{D283F9BA-811D-4409-99DD-9C9ECB8DECA0}.Release|Any CPU.Build.0 = Release|Any CPU
		{3BCBE612-F503-440C-96D2-B17DFEB29684}.Debug|Any CPU.ActiveCfg = Debug|Any CPU
		{3BCBE612-F503-440C-96D2-B17DFEB29684}.Debug|Any CPU.Build.0 = Debug|Any CPU
		{3BCBE612-F503-440C-96D2-B17DFEB29684}.Release|Any CPU.ActiveCfg = Release|Any CPU
		{3BCBE612-F503-440C-96D2-B17DFEB29684}.Release|Any CPU.Build.0 = Release|Any CPU
		{2079F4C7-7491-4329-AC62-811ACBAADFA0}.Debug|Any CPU.ActiveCfg = Debug|Any CPU
		{2079F4C7-7491-4329-AC62-811ACBAADFA0}.Debug|Any CPU.Build.0 = Debug|Any CPU
		{2079F4C7-7491-4329-AC62-811ACBAADFA0}.Release|Any CPU.ActiveCfg = Release|Any CPU
		{2079F4C7-7491-4329-AC62-811ACBAADFA0}.Release|Any CPU.Build.0 = Release|Any CPU
	EndGlobalSection
	GlobalSection(SolutionProperties) = preSolution
		HideSolutionNode = FALSE
	EndGlobalSection
	GlobalSection(ExtensibilityGlobals) = postSolution
		SolutionGuid = {B8C60191-B085-4C01-BF5E-61F174B96DBC}
	EndGlobalSection
EndGlobal
